using System;

class Program
{
    static void Main(string[] args)
    {
        int[,] matriz = new int[3, 3];
        Console.WriteLine("Informe os valores da matriz:");

        // Lê os valores da matriz
        for (int i = 0; i < 3; i++)
        {
            for (int j = 0; j < 3; j++)
            {
                Console.Write($"M[{i},{j}]: ");
                matriz[i, j] = int.Parse(Console.ReadLine());
            }
        }

        Console.Write("Diagonal principal de trás para frente: ");

        // Imprime a diagonal principal de trás para frente
        for (int i = 2; i >= 0; i--)
        {
            Console.Write($"{matriz[i, i]} ");
        }

        Console.ReadLine();
    }
}
