using System;

class Program
{
    static void Main(string[] args)
    {
        char[,] matriz = new char[,]
        {
            { 'c', 'a', 's', 'a', 's', 'e', 'e', 'd', 'e', 't' },
            { 'f', 'a', 'r', 'o', 'f', 'a', 'r', 'o', 'f', 'a' },
            { 's', 'a', 'l', 'a', 'd', 'e', 'd', 'e', 'f', 'r' },
            { 'h', 'j', 'k', 'l', 'm', 'n', 'o', 'p', 'q', 'r' },
            { 'j', 'i', 'h', 'g', 'f', 'e', 'd', 'c', 'b', 'a' },
            { 't', 'e', 'd', 'e', 't', 's', 'a', 's', 'e', 'e' },
            { 'o', 'f', 'a', 'r', 'o', 'f', 'a', 'r', 'o', 'f' },
            { 'r', 'e', 'd', 'e', 'f', 'r', 's', 'a', 'l', 'a' },
            { 'r', 's', 't', 'u', 'v', 'w', 'x', 'y', 'z', 'a' },
            { 'a', 'b', 'c', 'd', 'e', 'f', 'g', 'h', 'i', 'j' }
        };

        Console.Write("Digite a palavra de busca (tamanho máximo: 4): ");
        string palavra = Console.ReadLine();

        if (palavra.Length > 4)
        {
            Console.WriteLine("Palavra de busca inválida!");
            return;
        }

        int ocorrencias = 0;

        for (int i = 0; i < matriz.GetLength(0); i++)
        {
            for (int j = 0; j < matriz.GetLength(1) - palavra.Length + 1; j++)
            {
                bool encontrou = true;

                for (int k = 0; k < palavra.Length; k++)
                {
                    if (matriz[i, j + k] != palavra[k])
                    {
                        encontrou = false;
                        break;
                    }
                }

                if (encontrou)
                {
                    ocorrencias++;
                }
            }
        }

        Console.WriteLine($"A palavra de busca '{palavra}' ocorre {ocorrencias} vez(es) na matriz.");
    }
}
