
Microsoft Visual Studio Solution File, Format Version 12.00
# Visual Studio Version 17
VisualStudioVersion = 17.5.33424.131
MinimumVisualStudioVersion = 10.0.40219.1
Project("{FAE04EC0-301F-11D3-BF4B-00C04F79EFBC}") = "ex5", "ex5\ex5.csproj", "{51247853-CB70-4F6C-BA5B-05E4570A7BFD}"
EndProject
Global
	GlobalSection(SolutionConfigurationPlatforms) = preSolution
		Debug|Any CPU = Debug|Any CPU
		Release|Any CPU = Release|Any CPU
	EndGlobalSection
	GlobalSection(ProjectConfigurationPlatforms) = postSolution
		{51247853-CB70-4F6C-BA5B-05E4570A7BFD}.Debug|Any CPU.ActiveCfg = Debug|Any CPU
		{51247853-CB70-4F6C-BA5B-05E4570A7BFD}.Debug|Any CPU.Build.0 = Debug|Any CPU
		{51247853-CB70-4F6C-BA5B-05E4570A7BFD}.Release|Any CPU.ActiveCfg = Release|Any CPU
		{51247853-CB70-4F6C-BA5B-05E4570A7BFD}.Release|Any CPU.Build.0 = Release|Any CPU
	EndGlobalSection
	GlobalSection(SolutionProperties) = preSolution
		HideSolutionNode = FALSE
	EndGlobalSection
	GlobalSection(ExtensibilityGlobals) = postSolution
		SolutionGuid = {C274EC56-F517-4E87-86FA-F4BC4A99979C}
	EndGlobalSection
EndGlobal
