using System;
namespace matrizes1
{
    public class Program
    {
        static void Main(string[] args)
        {
            int [,] mSoma = somarMatrizes( new int[,] { { 1,1}, {1, 1} });
        }
        public static int somarMatrizes(int[,] ma, int[,] mb)
        {
            
            
            if( (ma.GetLength(0) != mb.GetLength(0)) && (ma.GetLength(1) != mb.GetLength(1))
                return null;

            int[,] mResultado = new int[ma.GetLength(0), ma.GetLength(1)];

            for (int l = 0; l < 3; l++)
            {
                for (int c = 0; c < 3; c++)
                {
                    matrixR[l, c] = matrixA[l, c] + matrixB[l, c];
                }
            }



            for (int l = 0; l < 3; l++)
            {
                Console.WriteLine();
                Console.Write("");

                for (int c = 0; c < 3; c++)
                {
                    Console.Write(matrixR[l, c] + "-");
                }
            }
        }


    }
}
