using System;

class Program
{
    static void Main(string[] args)
    {
        int[,] matriz1 = new int[3, 3];
        int[,] matriz2 = new int[3, 3];
        int[,] resultado = new int[3, 3];

        // Leitura dos valores da primeira matriz
        Console.WriteLine("Digite os valores da primeira matriz (3x3): ");
        for (int i = 0; i < 3; i++)
        {
            for (int j = 0; j < 3; j++)
            {
                Console.Write($"Matriz1[{i},{j}]: ");
                matriz1[i, j] = int.Parse(Console.ReadLine());
            }
        }

        // Leitura dos valores da segunda matriz
        Console.WriteLine("Digite os valores da segunda matriz (3x3): ");
        for (int i = 0; i < 3; i++)
        {
            for (int j = 0; j < 3; j++)
            {
                Console.Write($"Matriz2[{i},{j}]: ");
                matriz2[i, j] = int.Parse(Console.ReadLine());
            }
        }

        // Multiplicação das matrizes
        for (int i = 0; i < 3; i++)
        {
            for (int j = 0; j < 3; j++)
            {
                for (int k = 0; k < 3; k++)
                {
                    resultado[i, j] += matriz1[i, k] * matriz2[k, j];
                }
            }
        }

        // Impressão das matrizes na tela
        Console.WriteLine("\nMatriz 1:");
        for (int i = 0; i < 3; i++)
        {
            for (int j = 0; j < 3; j++)
            {
                Console.Write($"{matriz1[i, j]} ");
            }
            Console.WriteLine();
        }

        Console.WriteLine("\nMatriz 2:");
        for (int i = 0; i < 3; i++)
        {
            for (int j = 0; j < 3; j++)
            {
                Console.Write($"{matriz2[i, j]} ");
            }
            Console.WriteLine();
        }

        Console.WriteLine("\nResultado da multiplicação das matrizes:");
        for (int i = 0; i < 3; i++)
        {
            for (int j = 0; j < 3; j++)
            {
                Console.Write($"{resultado[i, j]} ");
            }
            Console.WriteLine();
        }
    }
}
